Microsoft Visual Studio Solution File, Format Version 12.00
# Visual Studio Version 17
VisualStudioVersion = 17.5.2.0
MinimumVisualStudioVersion = 10.0.40219.1
Project("{2150E333-8FDC-42A3-9474-1A3956D46DE8}") = "c", "c", "{E6BAD8CA-CB52-D5D3-2393-7357FD491AE2}"
EndProject
Project("{2150E333-8FDC-42A3-9474-1A3956D46DE8}") = "c-sharp", "c-sharp", "{F9E2388F-C94F-F215-CF82-F702A3FC6FF5}"
EndProject
Project("{FAE04EC0-301F-11D3-BF4B-00C04F79EFBC}") = "c#", "c\c-sharp\HelloWorld\c#.csproj", "{519D95EF-4F49-BF62-839B-39112FEC3DC1}"
EndProject
Global
	GlobalSection(SolutionConfigurationPlatforms) = preSolution
		Debug|Any CPU = Debug|Any CPU
		Release|Any CPU = Release|Any CPU
	EndGlobalSection
	GlobalSection(ProjectConfigurationPlatforms) = postSolution
		{519D95EF-4F49-BF62-839B-39112FEC3DC1}.Debug|Any CPU.ActiveCfg = Debug|Any CPU
		{519D95EF-4F49-BF62-839B-39112FEC3DC1}.Debug|Any CPU.Build.0 = Debug|Any CPU
		{519D95EF-4F49-BF62-839B-39112FEC3DC1}.Release|Any CPU.ActiveCfg = Release|Any CPU
		{519D95EF-4F49-BF62-839B-39112FEC3DC1}.Release|Any CPU.Build.0 = Release|Any CPU
	EndGlobalSection
	GlobalSection(SolutionProperties) = preSolution
		HideSolutionNode = FALSE
	EndGlobalSection
	GlobalSection(NestedProjects) = preSolution
		{F9E2388F-C94F-F215-CF82-F702A3FC6FF5} = {E6BAD8CA-CB52-D5D3-2393-7357FD491AE2}
		{519D95EF-4F49-BF62-839B-39112FEC3DC1} = {F9E2388F-C94F-F215-CF82-F702A3FC6FF5}
	EndGlobalSection
	GlobalSection(ExtensibilityGlobals) = postSolution
		SolutionGuid = {39B789B7-DA67-4BEE-9521-31BAC0BAB30B}
	EndGlobalSection
EndGlobal
